// !$*UTF8*$!
{
	archiveVersion = 1;
	classes = {
	};
	objectVersion = 55;
	objects = {

/* Begin PBXBuildFile section */
		8B33360126BAD4B20086D402 /* NodeList.swift in Sources */ = {isa = PBXBuildFile; fileRef = 8B33360026BAD4B20086D402 /* NodeList.swift */; };
		8B33360326BAD7FE0086D402 /* NodeLibraryCollectionViewController.swift in Sources */ = {isa = PBXBuildFile; fileRef = 8B33360226BAD7FE0086D402 /* NodeLibraryCollectionViewController.swift */; };
		8B35935F26B9A8B400B7A2D6 /* UIResponder+handle.swift in Sources */ = {isa = PBXBuildFile; fileRef = 8B35935E26B9A8B400B7A2D6 /* UIResponder+handle.swift */; };
		8B35936126B9A96E00B7A2D6 /* UIViewController+handle.swift in Sources */ = {isa = PBXBuildFile; fileRef = 8B35936026B9A96E00B7A2D6 /* UIViewController+handle.swift */; };
		8B35936326B9A9F000B7A2D6 /* CategorizedError.swift in Sources */ = {isa = PBXBuildFile; fileRef = 8B35936226B9A9F000B7A2D6 /* CategorizedError.swift */; };
		8B35936626B9AB0500B7A2D6 /* AppDelegate+handle.swift in Sources */ = {isa = PBXBuildFile; fileRef = 8B35936526B9AB0500B7A2D6 /* AppDelegate+handle.swift */; };
		8B35936826B9AB3000B7A2D6 /* Error+resolveCategory.swift in Sources */ = {isa = PBXBuildFile; fileRef = 8B35936726B9AB3000B7A2D6 /* Error+resolveCategory.swift */; };
		8B35936A26B9AC4100B7A2D6 /* DocumentError.swift in Sources */ = {isa = PBXBuildFile; fileRef = 8B35936926B9AC4100B7A2D6 /* DocumentError.swift */; };
		8B3E042326B72BD2007D689F /* Workspace.swift in Sources */ = {isa = PBXBuildFile; fileRef = 8B3E042226B72BD2007D689F /* Workspace.swift */; };
		8B3E042826B73990007D689F /* Logger+Loggable.swift in Sources */ = {isa = PBXBuildFile; fileRef = 8B3E042726B73990007D689F /* Logger+Loggable.swift */; };
		8B42E85126BC8DF6009D1B7B /* NodeCell.swift in Sources */ = {isa = PBXBuildFile; fileRef = 8B42E85026BC8DF6009D1B7B /* NodeCell.swift */; };
		8B4F51E226B93EEA003F9015 /* NKNodeViewDelegate.swift in Sources */ = {isa = PBXBuildFile; fileRef = 8B4F51E126B93EEA003F9015 /* NKNodeViewDelegate.swift */; };
		8B7EFF5526B947DE00DB2AB8 /* GenericNode.swift in Sources */ = {isa = PBXBuildFile; fileRef = 8B7EFF5426B947DE00DB2AB8 /* GenericNode.swift */; };
		8B85199126B99A720007E01C /* MainViewController.swift in Sources */ = {isa = PBXBuildFile; fileRef = 8B85199026B99A720007E01C /* MainViewController.swift */; };
		8B939F9926B88B4700BFFD8F /* NKNodeView.swift in Sources */ = {isa = PBXBuildFile; fileRef = 8B939F9826B88B4700BFFD8F /* NKNodeView.swift */; };
		8BA7E00026B85B5200078E99 /* NKGrid.swift in Sources */ = {isa = PBXBuildFile; fileRef = 8BA7DFFC26B85B5200078E99 /* NKGrid.swift */; };
		8BA7E00126B85B5200078E99 /* NKDelegate.swift in Sources */ = {isa = PBXBuildFile; fileRef = 8BA7DFFD26B85B5200078E99 /* NKDelegate.swift */; };
		8BA7E00226B85B5200078E99 /* NKNode.swift in Sources */ = {isa = PBXBuildFile; fileRef = 8BA7DFFE26B85B5200078E99 /* NKNode.swift */; };
		8BA7E00326B85B5200078E99 /* NKView.swift in Sources */ = {isa = PBXBuildFile; fileRef = 8BA7DFFF26B85B5200078E99 /* NKView.swift */; };
		8BA7E00826B87D4300078E99 /* TestNode.swift in Sources */ = {isa = PBXBuildFile; fileRef = 8BA7E00726B87D4300078E99 /* TestNode.swift */; };
		8BA7E00A26B87F4900078E99 /* NKCoordinate.swift in Sources */ = {isa = PBXBuildFile; fileRef = 8BA7E00926B87F4900078E99 /* NKCoordinate.swift */; };
		8BBB5C0026AEFBFD00F2CDC1 /* AppDelegate.swift in Sources */ = {isa = PBXBuildFile; fileRef = 8BBB5BFF26AEFBFD00F2CDC1 /* AppDelegate.swift */; };
		8BBB5C0226AEFBFD00F2CDC1 /* DocumentBrowserViewController.swift in Sources */ = {isa = PBXBuildFile; fileRef = 8BBB5C0126AEFBFD00F2CDC1 /* DocumentBrowserViewController.swift */; };
		8BBB5C0426AEFBFD00F2CDC1 /* MainNavigationController.swift in Sources */ = {isa = PBXBuildFile; fileRef = 8BBB5C0326AEFBFD00F2CDC1 /* MainNavigationController.swift */; };
		8BBB5C0626AEFBFD00F2CDC1 /* Document.swift in Sources */ = {isa = PBXBuildFile; fileRef = 8BBB5C0526AEFBFD00F2CDC1 /* Document.swift */; };
		8BBB5C0926AEFBFD00F2CDC1 /* Main.storyboard in Resources */ = {isa = PBXBuildFile; fileRef = 8BBB5C0726AEFBFD00F2CDC1 /* Main.storyboard */; };
		8BBB5C0B26AEFBFE00F2CDC1 /* Assets.xcassets in Resources */ = {isa = PBXBuildFile; fileRef = 8BBB5C0A26AEFBFE00F2CDC1 /* Assets.xcassets */; };
		8BBB5C0E26AEFBFE00F2CDC1 /* LaunchScreen.storyboard in Resources */ = {isa = PBXBuildFile; fileRef = 8BBB5C0C26AEFBFE00F2CDC1 /* LaunchScreen.storyboard */; };
		8BC2A2C726B89BCA00047638 /* CGPoint+operators.swift in Sources */ = {isa = PBXBuildFile; fileRef = 8BC2A2C626B89BCA00047638 /* CGPoint+operators.swift */; };
/* End PBXBuildFile section */

/* Begin PBXFileReference section */
		8B33360026BAD4B20086D402 /* NodeList.swift */ = {isa = PBXFileReference; lastKnownFileType = sourcecode.swift; path = NodeList.swift; sourceTree = "<group>"; };
		8B33360226BAD7FE0086D402 /* NodeLibraryCollectionViewController.swift */ = {isa = PBXFileReference; lastKnownFileType = sourcecode.swift; path = NodeLibraryCollectionViewController.swift; sourceTree = "<group>"; };
		8B35935E26B9A8B400B7A2D6 /* UIResponder+handle.swift */ = {isa = PBXFileReference; lastKnownFileType = sourcecode.swift; path = "UIResponder+handle.swift"; sourceTree = "<group>"; };
		8B35936026B9A96E00B7A2D6 /* UIViewController+handle.swift */ = {isa = PBXFileReference; lastKnownFileType = sourcecode.swift; path = "UIViewController+handle.swift"; sourceTree = "<group>"; };
		8B35936226B9A9F000B7A2D6 /* CategorizedError.swift */ = {isa = PBXFileReference; lastKnownFileType = sourcecode.swift; path = CategorizedError.swift; sourceTree = "<group>"; };
		8B35936526B9AB0500B7A2D6 /* AppDelegate+handle.swift */ = {isa = PBXFileReference; lastKnownFileType = sourcecode.swift; path = "AppDelegate+handle.swift"; sourceTree = "<group>"; };
		8B35936726B9AB3000B7A2D6 /* Error+resolveCategory.swift */ = {isa = PBXFileReference; lastKnownFileType = sourcecode.swift; path = "Error+resolveCategory.swift"; sourceTree = "<group>"; };
		8B35936926B9AC4100B7A2D6 /* DocumentError.swift */ = {isa = PBXFileReference; lastKnownFileType = sourcecode.swift; path = DocumentError.swift; sourceTree = "<group>"; };
		8B3E042226B72BD2007D689F /* Workspace.swift */ = {isa = PBXFileReference; lastKnownFileType = sourcecode.swift; path = Workspace.swift; sourceTree = "<group>"; };
		8B3E042726B73990007D689F /* Logger+Loggable.swift */ = {isa = PBXFileReference; lastKnownFileType = sourcecode.swift; path = "Logger+Loggable.swift"; sourceTree = "<group>"; };
		8B42E85026BC8DF6009D1B7B /* NodeCell.swift */ = {isa = PBXFileReference; lastKnownFileType = sourcecode.swift; path = NodeCell.swift; sourceTree = "<group>"; };
		8B4F51E126B93EEA003F9015 /* NKNodeViewDelegate.swift */ = {isa = PBXFileReference; lastKnownFileType = sourcecode.swift; path = NKNodeViewDelegate.swift; sourceTree = "<group>"; };
		8B7EFF5426B947DE00DB2AB8 /* GenericNode.swift */ = {isa = PBXFileReference; lastKnownFileType = sourcecode.swift; path = GenericNode.swift; sourceTree = "<group>"; };
		8B85199026B99A720007E01C /* MainViewController.swift */ = {isa = PBXFileReference; lastKnownFileType = sourcecode.swift; path = MainViewController.swift; sourceTree = "<group>"; };
		8B939F9826B88B4700BFFD8F /* NKNodeView.swift */ = {isa = PBXFileReference; lastKnownFileType = sourcecode.swift; path = NKNodeView.swift; sourceTree = "<group>"; };
		8BA7DFFC26B85B5200078E99 /* NKGrid.swift */ = {isa = PBXFileReference; fileEncoding = 4; lastKnownFileType = sourcecode.swift; path = NKGrid.swift; sourceTree = "<group>"; };
		8BA7DFFD26B85B5200078E99 /* NKDelegate.swift */ = {isa = PBXFileReference; fileEncoding = 4; lastKnownFileType = sourcecode.swift; path = NKDelegate.swift; sourceTree = "<group>"; };
		8BA7DFFE26B85B5200078E99 /* NKNode.swift */ = {isa = PBXFileReference; fileEncoding = 4; lastKnownFileType = sourcecode.swift; path = NKNode.swift; sourceTree = "<group>"; };
		8BA7DFFF26B85B5200078E99 /* NKView.swift */ = {isa = PBXFileReference; fileEncoding = 4; lastKnownFileType = sourcecode.swift; path = NKView.swift; sourceTree = "<group>"; };
		8BA7E00726B87D4300078E99 /* TestNode.swift */ = {isa = PBXFileReference; lastKnownFileType = sourcecode.swift; path = TestNode.swift; sourceTree = "<group>"; };
		8BA7E00926B87F4900078E99 /* NKCoordinate.swift */ = {isa = PBXFileReference; lastKnownFileType = sourcecode.swift; path = NKCoordinate.swift; sourceTree = "<group>"; };
		8BBB5BFC26AEFBFD00F2CDC1 /* SynthWorks.app */ = {isa = PBXFileReference; explicitFileType = wrapper.application; includeInIndex = 0; path = SynthWorks.app; sourceTree = BUILT_PRODUCTS_DIR; };
		8BBB5BFF26AEFBFD00F2CDC1 /* AppDelegate.swift */ = {isa = PBXFileReference; lastKnownFileType = sourcecode.swift; path = AppDelegate.swift; sourceTree = "<group>"; };
		8BBB5C0126AEFBFD00F2CDC1 /* DocumentBrowserViewController.swift */ = {isa = PBXFileReference; lastKnownFileType = sourcecode.swift; path = DocumentBrowserViewController.swift; sourceTree = "<group>"; };
		8BBB5C0326AEFBFD00F2CDC1 /* MainNavigationController.swift */ = {isa = PBXFileReference; lastKnownFileType = sourcecode.swift; path = MainNavigationController.swift; sourceTree = "<group>"; };
		8BBB5C0526AEFBFD00F2CDC1 /* Document.swift */ = {isa = PBXFileReference; lastKnownFileType = sourcecode.swift; path = Document.swift; sourceTree = "<group>"; };
		8BBB5C0826AEFBFD00F2CDC1 /* Base */ = {isa = PBXFileReference; lastKnownFileType = file.storyboard; name = Base; path = Base.lproj/Main.storyboard; sourceTree = "<group>"; };
		8BBB5C0A26AEFBFE00F2CDC1 /* Assets.xcassets */ = {isa = PBXFileReference; lastKnownFileType = folder.assetcatalog; path = Assets.xcassets; sourceTree = "<group>"; };
		8BBB5C0D26AEFBFE00F2CDC1 /* Base */ = {isa = PBXFileReference; lastKnownFileType = file.storyboard; name = Base; path = Base.lproj/LaunchScreen.storyboard; sourceTree = "<group>"; };
		8BBB5C0F26AEFBFE00F2CDC1 /* Info.plist */ = {isa = PBXFileReference; lastKnownFileType = text.plist.xml; path = Info.plist; sourceTree = "<group>"; };
		8BC2A2C626B89BCA00047638 /* CGPoint+operators.swift */ = {isa = PBXFileReference; lastKnownFileType = sourcecode.swift; path = "CGPoint+operators.swift"; sourceTree = "<group>"; };
/* End PBXFileReference section */

/* Begin PBXFrameworksBuildPhase section */
		8BBB5BF926AEFBFD00F2CDC1 /* Frameworks */ = {
			isa = PBXFrameworksBuildPhase;
			buildActionMask = 2147483647;
			files = (
			);
			runOnlyForDeploymentPostprocessing = 0;
		};
/* End PBXFrameworksBuildPhase section */

/* Begin PBXGroup section */
		8B35935D26B9A85000B7A2D6 /* Responder Chain */ = {
			isa = PBXGroup;
			children = (
				8B35936526B9AB0500B7A2D6 /* AppDelegate+handle.swift */,
				8B35936726B9AB3000B7A2D6 /* Error+resolveCategory.swift */,
				8B35935E26B9A8B400B7A2D6 /* UIResponder+handle.swift */,
				8B35936026B9A96E00B7A2D6 /* UIViewController+handle.swift */,
			);
			path = "Responder Chain";
			sourceTree = "<group>";
		};
		8B35936426B9AA9E00B7A2D6 /* Errors */ = {
			isa = PBXGroup;
			children = (
				8B35936226B9A9F000B7A2D6 /* CategorizedError.swift */,
				8B35936926B9AC4100B7A2D6 /* DocumentError.swift */,
			);
			path = Errors;
			sourceTree = "<group>";
		};
		8B3E042426B736C0007D689F /* Models */ = {
			isa = PBXGroup;
			children = (
				8B35936426B9AA9E00B7A2D6 /* Errors */,
				8BBB5C0526AEFBFD00F2CDC1 /* Document.swift */,
				8B3E042226B72BD2007D689F /* Workspace.swift */,
			);
			path = Models;
			sourceTree = "<group>";
		};
		8B3E042526B736CF007D689F /* Controllers */ = {
			isa = PBXGroup;
			children = (
				8BBB5C0126AEFBFD00F2CDC1 /* DocumentBrowserViewController.swift */,
				8BBB5C0326AEFBFD00F2CDC1 /* MainNavigationController.swift */,
				8B85199026B99A720007E01C /* MainViewController.swift */,
				8B33360226BAD7FE0086D402 /* NodeLibraryCollectionViewController.swift */,
			);
			path = Controllers;
			sourceTree = "<group>";
		};
		8B3E042626B73982007D689F /* Extensions */ = {
			isa = PBXGroup;
			children = (
				8B35935D26B9A85000B7A2D6 /* Responder Chain */,
				8BC2A2C626B89BCA00047638 /* CGPoint+operators.swift */,
				8B3E042726B73990007D689F /* Logger+Loggable.swift */,
			);
			path = Extensions;
			sourceTree = "<group>";
		};
		8B42E85226BC8EA2009D1B7B /* Views */ = {
			isa = PBXGroup;
			children = (
				8B42E85026BC8DF6009D1B7B /* NodeCell.swift */,
			);
			path = Views;
			sourceTree = "<group>";
		};
		8B4A306326B85708004838A3 /* Frameworks */ = {
			isa = PBXGroup;
			children = (
			);
			name = Frameworks;
			sourceTree = "<group>";
		};
		8B7EFF5326B947B600DB2AB8 /* Custom Nodes */ = {
			isa = PBXGroup;
			children = (
				8B7EFF5426B947DE00DB2AB8 /* GenericNode.swift */,
				8B33360026BAD4B20086D402 /* NodeList.swift */,
			);
			path = "Custom Nodes";
			sourceTree = "<group>";
		};
		8BA7DFFB26B85B5200078E99 /* NodeKit */ = {
			isa = PBXGroup;
			children = (
				8BA7E00626B87D3A00078E99 /* Nodes */,
				8BA7E00926B87F4900078E99 /* NKCoordinate.swift */,
				8BA7DFFD26B85B5200078E99 /* NKDelegate.swift */,
				8BA7DFFC26B85B5200078E99 /* NKGrid.swift */,
				8BA7DFFE26B85B5200078E99 /* NKNode.swift */,
				8B939F9826B88B4700BFFD8F /* NKNodeView.swift */,
				8B4F51E126B93EEA003F9015 /* NKNodeViewDelegate.swift */,
				8BA7DFFF26B85B5200078E99 /* NKView.swift */,
			);
			path = NodeKit;
			sourceTree = "<group>";
		};
		8BA7E00626B87D3A00078E99 /* Nodes */ = {
			isa = PBXGroup;
			children = (
				8BA7E00726B87D4300078E99 /* TestNode.swift */,
			);
			path = Nodes;
			sourceTree = "<group>";
		};
		8BBB5BF326AEFBFD00F2CDC1 = {
			isa = PBXGroup;
			children = (
				8BBB5BFE26AEFBFD00F2CDC1 /* SynthWorks */,
				8BBB5BFD26AEFBFD00F2CDC1 /* Products */,
				8B4A306326B85708004838A3 /* Frameworks */,
			);
			sourceTree = "<group>";
		};
		8BBB5BFD26AEFBFD00F2CDC1 /* Products */ = {
			isa = PBXGroup;
			children = (
				8BBB5BFC26AEFBFD00F2CDC1 /* SynthWorks.app */,
			);
			name = Products;
			sourceTree = "<group>";
		};
		8BBB5BFE26AEFBFD00F2CDC1 /* SynthWorks */ = {
			isa = PBXGroup;
			children = (
				8B3E042526B736CF007D689F /* Controllers */,
				8B7EFF5326B947B600DB2AB8 /* Custom Nodes */,
				8B3E042626B73982007D689F /* Extensions */,
				8BA7DFFB26B85B5200078E99 /* NodeKit */,
				8B3E042426B736C0007D689F /* Models */,
				8B42E85226BC8EA2009D1B7B /* Views */,
				8BBB5BFF26AEFBFD00F2CDC1 /* AppDelegate.swift */,
				8BBB5C0726AEFBFD00F2CDC1 /* Main.storyboard */,
				8BBB5C0A26AEFBFE00F2CDC1 /* Assets.xcassets */,
				8BBB5C0C26AEFBFE00F2CDC1 /* LaunchScreen.storyboard */,
				8BBB5C0F26AEFBFE00F2CDC1 /* Info.plist */,
			);
			path = SynthWorks;
			sourceTree = "<group>";
		};
/* End PBXGroup section */

/* Begin PBXNativeTarget section */
		8BBB5BFB26AEFBFD00F2CDC1 /* SynthWorks */ = {
			isa = PBXNativeTarget;
			buildConfigurationList = 8BBB5C1226AEFBFE00F2CDC1 /* Build configuration list for PBXNativeTarget "SynthWorks" */;
			buildPhases = (
				8BBB5BF826AEFBFD00F2CDC1 /* Sources */,
				8BBB5BF926AEFBFD00F2CDC1 /* Frameworks */,
				8BBB5BFA26AEFBFD00F2CDC1 /* Resources */,
			);
			buildRules = (
			);
			dependencies = (
			);
			name = SynthWorks;
			packageProductDependencies = (
			);
			productName = SynthWorks;
			productReference = 8BBB5BFC26AEFBFD00F2CDC1 /* SynthWorks.app */;
			productType = "com.apple.product-type.application";
		};
/* End PBXNativeTarget section */

/* Begin PBXProject section */
		8BBB5BF426AEFBFD00F2CDC1 /* Project object */ = {
			isa = PBXProject;
			attributes = {
				BuildIndependentTargetsInParallel = 1;
				LastSwiftUpdateCheck = 1300;
				LastUpgradeCheck = 1300;
				TargetAttributes = {
					8BBB5BFB26AEFBFD00F2CDC1 = {
						CreatedOnToolsVersion = 13.0;
					};
				};
			};
			buildConfigurationList = 8BBB5BF726AEFBFD00F2CDC1 /* Build configuration list for PBXProject "SynthWorks" */;
			compatibilityVersion = "Xcode 13.0";
			developmentRegion = en;
			hasScannedForEncodings = 0;
			knownRegions = (
				en,
				Base,
			);
			mainGroup = 8BBB5BF326AEFBFD00F2CDC1;
			packageReferences = (
			);
			productRefGroup = 8BBB5BFD26AEFBFD00F2CDC1 /* Products */;
			projectDirPath = "";
			projectRoot = "";
			targets = (
				8BBB5BFB26AEFBFD00F2CDC1 /* SynthWorks */,
			);
		};
/* End PBXProject section */

/* Begin PBXResourcesBuildPhase section */
		8BBB5BFA26AEFBFD00F2CDC1 /* Resources */ = {
			isa = PBXResourcesBuildPhase;
			buildActionMask = 2147483647;
			files = (
				8BBB5C0E26AEFBFE00F2CDC1 /* LaunchScreen.storyboard in Resources */,
				8BBB5C0B26AEFBFE00F2CDC1 /* Assets.xcassets in Resources */,
				8BBB5C0926AEFBFD00F2CDC1 /* Main.storyboard in Resources */,
			);
			runOnlyForDeploymentPostprocessing = 0;
		};
/* End PBXResourcesBuildPhase section */

/* Begin PBXSourcesBuildPhase section */
		8BBB5BF826AEFBFD00F2CDC1 /* Sources */ = {
			isa = PBXSourcesBuildPhase;
			buildActionMask = 2147483647;
			files = (
				8BBB5C0626AEFBFD00F2CDC1 /* Document.swift in Sources */,
				8BA7E00026B85B5200078E99 /* NKGrid.swift in Sources */,
				8B3E042826B73990007D689F /* Logger+Loggable.swift in Sources */,
				8B35936126B9A96E00B7A2D6 /* UIViewController+handle.swift in Sources */,
				8BBB5C0426AEFBFD00F2CDC1 /* MainNavigationController.swift in Sources */,
				8B35935F26B9A8B400B7A2D6 /* UIResponder+handle.swift in Sources */,
				8B3E042326B72BD2007D689F /* Workspace.swift in Sources */,
				8BA7E00226B85B5200078E99 /* NKNode.swift in Sources */,
				8BBB5C0226AEFBFD00F2CDC1 /* DocumentBrowserViewController.swift in Sources */,
				8B85199126B99A720007E01C /* MainViewController.swift in Sources */,
				8B35936A26B9AC4100B7A2D6 /* DocumentError.swift in Sources */,
				8B33360126BAD4B20086D402 /* NodeList.swift in Sources */,
				8B35936626B9AB0500B7A2D6 /* AppDelegate+handle.swift in Sources */,
				8B939F9926B88B4700BFFD8F /* NKNodeView.swift in Sources */,
				8BA7E00326B85B5200078E99 /* NKView.swift in Sources */,
				8BBB5C0026AEFBFD00F2CDC1 /* AppDelegate.swift in Sources */,
				8B33360326BAD7FE0086D402 /* NodeLibraryCollectionViewController.swift in Sources */,
				8B35936826B9AB3000B7A2D6 /* Error+resolveCategory.swift in Sources */,
				8B42E85126BC8DF6009D1B7B /* NodeCell.swift in Sources */,
				8BC2A2C726B89BCA00047638 /* CGPoint+operators.swift in Sources */,
				8BA7E00826B87D4300078E99 /* TestNode.swift in Sources */,
				8B4F51E226B93EEA003F9015 /* NKNodeViewDelegate.swift in Sources */,
				8B35936326B9A9F000B7A2D6 /* CategorizedError.swift in Sources */,
				8BA7E00A26B87F4900078E99 /* NKCoordinate.swift in Sources */,
				8BA7E00126B85B5200078E99 /* NKDelegate.swift in Sources */,
				8B7EFF5526B947DE00DB2AB8 /* GenericNode.swift in Sources */,
			);
			runOnlyForDeploymentPostprocessing = 0;
		};
/* End PBXSourcesBuildPhase section */

/* Begin PBXVariantGroup section */
		8BBB5C0726AEFBFD00F2CDC1 /* Main.storyboard */ = {
			isa = PBXVariantGroup;
			children = (
				8BBB5C0826AEFBFD00F2CDC1 /* Base */,
			);
			name = Main.storyboard;
			sourceTree = "<group>";
		};
		8BBB5C0C26AEFBFE00F2CDC1 /* LaunchScreen.storyboard */ = {
			isa = PBXVariantGroup;
			children = (
				8BBB5C0D26AEFBFE00F2CDC1 /* Base */,
			);
			name = LaunchScreen.storyboard;
			sourceTree = "<group>";
		};
/* End PBXVariantGroup section */

/* Begin XCBuildConfiguration section */
		8BBB5C1026AEFBFE00F2CDC1 /* Debug */ = {
			isa = XCBuildConfiguration;
			buildSettings = {
				ALWAYS_SEARCH_USER_PATHS = NO;
				CLANG_ANALYZER_NONNULL = YES;
				CLANG_ANALYZER_NUMBER_OBJECT_CONVERSION = YES_AGGRESSIVE;
				CLANG_CXX_LANGUAGE_STANDARD = "gnu++17";
				CLANG_CXX_LIBRARY = "libc++";
				CLANG_ENABLE_MODULES = YES;
				CLANG_ENABLE_OBJC_ARC = YES;
				CLANG_ENABLE_OBJC_WEAK = YES;
				CLANG_WARN_BLOCK_CAPTURE_AUTORELEASING = YES;
				CLANG_WARN_BOOL_CONVERSION = YES;
				CLANG_WARN_COMMA = YES;
				CLANG_WARN_CONSTANT_CONVERSION = YES;
				CLANG_WARN_DEPRECATED_OBJC_IMPLEMENTATIONS = YES;
				CLANG_WARN_DIRECT_OBJC_ISA_USAGE = YES_ERROR;
				CLANG_WARN_DOCUMENTATION_COMMENTS = YES;
				CLANG_WARN_EMPTY_BODY = YES;
				CLANG_WARN_ENUM_CONVERSION = YES;
				CLANG_WARN_INFINITE_RECURSION = YES;
				CLANG_WARN_INT_CONVERSION = YES;
				CLANG_WARN_NON_LITERAL_NULL_CONVERSION = YES;
				CLANG_WARN_OBJC_IMPLICIT_RETAIN_SELF = YES;
				CLANG_WARN_OBJC_LITERAL_CONVERSION = YES;
				CLANG_WARN_OBJC_ROOT_CLASS = YES_ERROR;
				CLANG_WARN_QUOTED_INCLUDE_IN_FRAMEWORK_HEADER = YES;
				CLANG_WARN_RANGE_LOOP_ANALYSIS = YES;
				CLANG_WARN_STRICT_PROTOTYPES = YES;
				CLANG_WARN_SUSPICIOUS_MOVE = YES;
				CLANG_WARN_UNGUARDED_AVAILABILITY = YES_AGGRESSIVE;
				CLANG_WARN_UNREACHABLE_CODE = YES;
				CLANG_WARN__DUPLICATE_METHOD_MATCH = YES;
				COPY_PHASE_STRIP = NO;
				DEBUG_INFORMATION_FORMAT = dwarf;
				ENABLE_STRICT_OBJC_MSGSEND = YES;
				ENABLE_TESTABILITY = YES;
				GCC_C_LANGUAGE_STANDARD = gnu11;
				GCC_DYNAMIC_NO_PIC = NO;
				GCC_NO_COMMON_BLOCKS = YES;
				GCC_OPTIMIZATION_LEVEL = 0;
				GCC_PREPROCESSOR_DEFINITIONS = (
					"DEBUG=1",
					"$(inherited)",
				);
				GCC_WARN_64_TO_32_BIT_CONVERSION = YES;
				GCC_WARN_ABOUT_RETURN_TYPE = YES_ERROR;
				GCC_WARN_UNDECLARED_SELECTOR = YES;
				GCC_WARN_UNINITIALIZED_AUTOS = YES_AGGRESSIVE;
				GCC_WARN_UNUSED_FUNCTION = YES;
				GCC_WARN_UNUSED_VARIABLE = YES;
				IPHONEOS_DEPLOYMENT_TARGET = 15.0;
				MTL_ENABLE_DEBUG_INFO = INCLUDE_SOURCE;
				MTL_FAST_MATH = YES;
				ONLY_ACTIVE_ARCH = YES;
				SDKROOT = iphoneos;
				SWIFT_ACTIVE_COMPILATION_CONDITIONS = DEBUG;
				SWIFT_OPTIMIZATION_LEVEL = "-Onone";
			};
			name = Debug;
		};
		8BBB5C1126AEFBFE00F2CDC1 /* Release */ = {
			isa = XCBuildConfiguration;
			buildSettings = {
				ALWAYS_SEARCH_USER_PATHS = NO;
				CLANG_ANALYZER_NONNULL = YES;
				CLANG_ANALYZER_NUMBER_OBJECT_CONVERSION = YES_AGGRESSIVE;
				CLANG_CXX_LANGUAGE_STANDARD = "gnu++17";
				CLANG_CXX_LIBRARY = "libc++";
				CLANG_ENABLE_MODULES = YES;
				CLANG_ENABLE_OBJC_ARC = YES;
				CLANG_ENABLE_OBJC_WEAK = YES;
				CLANG_WARN_BLOCK_CAPTURE_AUTORELEASING = YES;
				CLANG_WARN_BOOL_CONVERSION = YES;
				CLANG_WARN_COMMA = YES;
				CLANG_WARN_CONSTANT_CONVERSION = YES;
				CLANG_WARN_DEPRECATED_OBJC_IMPLEMENTATIONS = YES;
				CLANG_WARN_DIRECT_OBJC_ISA_USAGE = YES_ERROR;
				CLANG_WARN_DOCUMENTATION_COMMENTS = YES;
				CLANG_WARN_EMPTY_BODY = YES;
				CLANG_WARN_ENUM_CONVERSION = YES;
				CLANG_WARN_INFINITE_RECURSION = YES;
				CLANG_WARN_INT_CONVERSION = YES;
				CLANG_WARN_NON_LITERAL_NULL_CONVERSION = YES;
				CLANG_WARN_OBJC_IMPLICIT_RETAIN_SELF = YES;
				CLANG_WARN_OBJC_LITERAL_CONVERSION = YES;
				CLANG_WARN_OBJC_ROOT_CLASS = YES_ERROR;
				CLANG_WARN_QUOTED_INCLUDE_IN_FRAMEWORK_HEADER = YES;
				CLANG_WARN_RANGE_LOOP_ANALYSIS = YES;
				CLANG_WARN_STRICT_PROTOTYPES = YES;
				CLANG_WARN_SUSPICIOUS_MOVE = YES;
				CLANG_WARN_UNGUARDED_AVAILABILITY = YES_AGGRESSIVE;
				CLANG_WARN_UNREACHABLE_CODE = YES;
				CLANG_WARN__DUPLICATE_METHOD_MATCH = YES;
				COPY_PHASE_STRIP = NO;
				DEBUG_INFORMATION_FORMAT = "dwarf-with-dsym";
				ENABLE_NS_ASSERTIONS = NO;
				ENABLE_STRICT_OBJC_MSGSEND = YES;
				GCC_C_LANGUAGE_STANDARD = gnu11;
				GCC_NO_COMMON_BLOCKS = YES;
				GCC_WARN_64_TO_32_BIT_CONVERSION = YES;
				GCC_WARN_ABOUT_RETURN_TYPE = YES_ERROR;
				GCC_WARN_UNDECLARED_SELECTOR = YES;
				GCC_WARN_UNINITIALIZED_AUTOS = YES_AGGRESSIVE;
				GCC_WARN_UNUSED_FUNCTION = YES;
				GCC_WARN_UNUSED_VARIABLE = YES;
				IPHONEOS_DEPLOYMENT_TARGET = 15.0;
				MTL_ENABLE_DEBUG_INFO = NO;
				MTL_FAST_MATH = YES;
				SDKROOT = iphoneos;
				SWIFT_COMPILATION_MODE = wholemodule;
				SWIFT_OPTIMIZATION_LEVEL = "-O";
				VALIDATE_PRODUCT = YES;
			};
			name = Release;
		};
		8BBB5C1326AEFBFE00F2CDC1 /* Debug */ = {
			isa = XCBuildConfiguration;
			buildSettings = {
				ASSETCATALOG_COMPILER_APPICON_NAME = AppIcon;
				ASSETCATALOG_COMPILER_GLOBAL_ACCENT_COLOR_NAME = AccentColor;
				CODE_SIGN_STYLE = Automatic;
				CURRENT_PROJECT_VERSION = 1;
				DEVELOPMENT_TEAM = BZTVD28H6K;
				GENERATE_INFOPLIST_FILE = YES;
				INFOPLIST_FILE = SynthWorks/Info.plist;
				INFOPLIST_KEY_UIApplicationSupportsIndirectInputEvents = YES;
				INFOPLIST_KEY_UILaunchStoryboardName = LaunchScreen;
				INFOPLIST_KEY_UIMainStoryboardFile = Main;
				INFOPLIST_KEY_UIRequiresFullScreen = YES;
				INFOPLIST_KEY_UISupportedInterfaceOrientations_iPad = "UIInterfaceOrientationPortrait UIInterfaceOrientationPortraitUpsideDown UIInterfaceOrientationLandscapeLeft UIInterfaceOrientationLandscapeRight";
				INFOPLIST_KEY_UISupportedInterfaceOrientations_iPhone = "UIInterfaceOrientationPortrait UIInterfaceOrientationLandscapeLeft UIInterfaceOrientationLandscapeRight";
				INFOPLIST_KEY_UISupportsDocumentBrowser = YES;
				LD_RUNPATH_SEARCH_PATHS = (
					"$(inherited)",
					"@executable_path/Frameworks",
				);
				MARKETING_VERSION = 1.0;
				PRODUCT_BUNDLE_IDENTIFIER = com.persello.SynthWorks;
				PRODUCT_NAME = "$(TARGET_NAME)";
				SWIFT_EMIT_LOC_STRINGS = YES;
				SWIFT_VERSION = 5.0;
				TARGETED_DEVICE_FAMILY = 2;
			};
			name = Debug;
		};
		8BBB5C1426AEFBFE00F2CDC1 /* Release */ = {
			isa = XCBuildConfiguration;
			buildSettings = {
				ASSETCATALOG_COMPILER_APPICON_NAME = AppIcon;
				ASSETCATALOG_COMPILER_GLOBAL_ACCENT_COLOR_NAME = AccentColor;
				CODE_SIGN_STYLE = Automatic;
				CURRENT_PROJECT_VERSION = 1;
				DEVELOPMENT_TEAM = BZTVD28H6K;
				GENERATE_INFOPLIST_FILE = YES;
				INFOPLIST_FILE = SynthWorks/Info.plist;
				INFOPLIST_KEY_UIApplicationSupportsIndirectInputEvents = YES;
				INFOPLIST_KEY_UILaunchStoryboardName = LaunchScreen;
				INFOPLIST_KEY_UIMainStoryboardFile = Main;
				INFOPLIST_KEY_UIRequiresFullScreen = YES;
				INFOPLIST_KEY_UISupportedInterfaceOrientations_iPad = "UIInterfaceOrientationPortrait UIInterfaceOrientationPortraitUpsideDown UIInterfaceOrientationLandscapeLeft UIInterfaceOrientationLandscapeRight";
				INFOPLIST_KEY_UISupportedInterfaceOrientations_iPhone = "UIInterfaceOrientationPortrait UIInterfaceOrientationLandscapeLeft UIInterfaceOrientationLandscapeRight";
				INFOPLIST_KEY_UISupportsDocumentBrowser = YES;
				LD_RUNPATH_SEARCH_PATHS = (
					"$(inherited)",
					"@executable_path/Frameworks",
				);
				MARKETING_VERSION = 1.0;
				PRODUCT_BUNDLE_IDENTIFIER = com.persello.SynthWorks;
				PRODUCT_NAME = "$(TARGET_NAME)";
				SWIFT_EMIT_LOC_STRINGS = YES;
				SWIFT_VERSION = 5.0;
				TARGETED_DEVICE_FAMILY = 2;
			};
			name = Release;
		};
/* End XCBuildConfiguration section */

/* Begin XCConfigurationList section */
		8BBB5BF726AEFBFD00F2CDC1 /* Build configuration list for PBXProject "SynthWorks" */ = {
			isa = XCConfigurationList;
			buildConfigurations = (
				8BBB5C1026AEFBFE00F2CDC1 /* Debug */,
				8BBB5C1126AEFBFE00F2CDC1 /* Release */,
			);
			defaultConfigurationIsVisible = 0;
			defaultConfigurationName = Release;
		};
		8BBB5C1226AEFBFE00F2CDC1 /* Build configuration list for PBXNativeTarget "SynthWorks" */ = {
			isa = XCConfigurationList;
			buildConfigurations = (
				8BBB5C1326AEFBFE00F2CDC1 /* Debug */,
				8BBB5C1426AEFBFE00F2CDC1 /* Release */,
			);
			defaultConfigurationIsVisible = 0;
			defaultConfigurationName = Release;
		};
/* End XCConfigurationList section */
	};
	rootObject = 8BBB5BF426AEFBFD00F2CDC1 /* Project object */;
}
